// !$*UTF8*$!
{
	archiveVersion = 1;
	classes = {
	};
	objectVersion = 46;
	objects = {

/* Begin PBXBuildFile section */
		1A230B3D1AEC4DBA000E1A54 /* AppDelegate.swift in Sources */ = {isa = PBXBuildFile; fileRef = 1A230B3C1AEC4DBA000E1A54 /* AppDelegate.swift */; };
		1A230B441AEC4DBA000E1A54 /* Images.xcassets in Resources */ = {isa = PBXBuildFile; fileRef = 1A230B431AEC4DBA000E1A54 /* Images.xcassets */; };
		1A230B471AEC4DBA000E1A54 /* LaunchScreen.xib in Resources */ = {isa = PBXBuildFile; fileRef = 1A230B451AEC4DBA000E1A54 /* LaunchScreen.xib */; };
		1A230B531AEC4DBA000E1A54 /* Meme_MeTests.swift in Sources */ = {isa = PBXBuildFile; fileRef = 1A230B521AEC4DBA000E1A54 /* Meme_MeTests.swift */; };
		1A230B641AEC5686000E1A54 /* BottomTextFieldDelegate.swift in Sources */ = {isa = PBXBuildFile; fileRef = 1A230B631AEC5686000E1A54 /* BottomTextFieldDelegate.swift */; };
		1A230B661AEC56FB000E1A54 /* TopTextFieldDelegate.swift in Sources */ = {isa = PBXBuildFile; fileRef = 1A230B651AEC56FB000E1A54 /* TopTextFieldDelegate.swift */; };
		1A7F445A1AF29E22001170C9 /* ViewController.swift in Sources */ = {isa = PBXBuildFile; fileRef = 1A7F44591AF29E22001170C9 /* ViewController.swift */; };
		1A7F445D1AF29E8F001170C9 /* Main.storyboard in Resources */ = {isa = PBXBuildFile; fileRef = 1A7F445B1AF29E8F001170C9 /* Main.storyboard */; };
/* End PBXBuildFile section */

/* Begin PBXContainerItemProxy section */
		1A230B4D1AEC4DBA000E1A54 /* PBXContainerItemProxy */ = {
			isa = PBXContainerItemProxy;
			containerPortal = 1A230B2F1AEC4DBA000E1A54 /* Project object */;
			proxyType = 1;
			remoteGlobalIDString = 1A230B361AEC4DBA000E1A54;
			remoteInfo = "Meme Me";
		};
/* End PBXContainerItemProxy section */

/* Begin PBXFileReference section */
		1A230B371AEC4DBA000E1A54 /* Meme Me.app */ = {isa = PBXFileReference; explicitFileType = wrapper.application; includeInIndex = 0; path = "Meme Me.app"; sourceTree = BUILT_PRODUCTS_DIR; };
		1A230B3B1AEC4DBA000E1A54 /* Info.plist */ = {isa = PBXFileReference; lastKnownFileType = text.plist.xml; path = Info.plist; sourceTree = "<group>"; };
		1A230B3C1AEC4DBA000E1A54 /* AppDelegate.swift */ = {isa = PBXFileReference; lastKnownFileType = sourcecode.swift; path = AppDelegate.swift; sourceTree = "<group>"; };
		1A230B431AEC4DBA000E1A54 /* Images.xcassets */ = {isa = PBXFileReference; lastKnownFileType = folder.assetcatalog; path = Images.xcassets; sourceTree = "<group>"; };
		1A230B461AEC4DBA000E1A54 /* Base */ = {isa = PBXFileReference; lastKnownFileType = file.xib; name = Base; path = Base.lproj/LaunchScreen.xib; sourceTree = "<group>"; };
		1A230B4C1AEC4DBA000E1A54 /* Meme MeTests.xctest */ = {isa = PBXFileReference; explicitFileType = wrapper.cfbundle; includeInIndex = 0; path = "Meme MeTests.xctest"; sourceTree = BUILT_PRODUCTS_DIR; };
		1A230B511AEC4DBA000E1A54 /* Info.plist */ = {isa = PBXFileReference; lastKnownFileType = text.plist.xml; path = Info.plist; sourceTree = "<group>"; };
		1A230B521AEC4DBA000E1A54 /* Meme_MeTests.swift */ = {isa = PBXFileReference; lastKnownFileType = sourcecode.swift; path = Meme_MeTests.swift; sourceTree = "<group>"; };
		1A230B631AEC5686000E1A54 /* BottomTextFieldDelegate.swift */ = {isa = PBXFileReference; fileEncoding = 4; lastKnownFileType = sourcecode.swift; path = BottomTextFieldDelegate.swift; sourceTree = "<group>"; };
		1A230B651AEC56FB000E1A54 /* TopTextFieldDelegate.swift */ = {isa = PBXFileReference; fileEncoding = 4; lastKnownFileType = sourcecode.swift; path = TopTextFieldDelegate.swift; sourceTree = "<group>"; };
		1A7F44591AF29E22001170C9 /* ViewController.swift */ = {isa = PBXFileReference; fileEncoding = 4; lastKnownFileType = sourcecode.swift; path = ViewController.swift; sourceTree = "<group>"; };
		1A7F445C1AF29E8F001170C9 /* Base */ = {isa = PBXFileReference; lastKnownFileType = file.storyboard; name = Base; path = "Meme Me/Base.lproj/Main.storyboard"; sourceTree = "<group>"; };
/* End PBXFileReference section */

/* Begin PBXFrameworksBuildPhase section */
		1A230B341AEC4DBA000E1A54 /* Frameworks */ = {
			isa = PBXFrameworksBuildPhase;
			buildActionMask = 2147483647;
			files = (
			);
			runOnlyForDeploymentPostprocessing = 0;
		};
		1A230B491AEC4DBA000E1A54 /* Frameworks */ = {
			isa = PBXFrameworksBuildPhase;
			buildActionMask = 2147483647;
			files = (
			);
			runOnlyForDeploymentPostprocessing = 0;
		};
/* End PBXFrameworksBuildPhase section */

/* Begin PBXGroup section */
		1A230B2E1AEC4DB9000E1A54 = {
			isa = PBXGroup;
			children = (
				1A230B391AEC4DBA000E1A54 /* Meme Me */,
				1A230B4F1AEC4DBA000E1A54 /* Meme MeTests */,
				1A230B381AEC4DBA000E1A54 /* Products */,
			);
			sourceTree = "<group>";
		};
		1A230B381AEC4DBA000E1A54 /* Products */ = {
			isa = PBXGroup;
			children = (
				1A230B371AEC4DBA000E1A54 /* Meme Me.app */,
				1A230B4C1AEC4DBA000E1A54 /* Meme MeTests.xctest */,
			);
			name = Products;
			sourceTree = "<group>";
		};
		1A230B391AEC4DBA000E1A54 /* Meme Me */ = {
			isa = PBXGroup;
			children = (
				1A230B5C1AEC537F000E1A54 /* Text Field Delegates */,
				1A230B3C1AEC4DBA000E1A54 /* AppDelegate.swift */,
				1A7F44591AF29E22001170C9 /* ViewController.swift */,
				1A7F445B1AF29E8F001170C9 /* Main.storyboard */,
				1A230B431AEC4DBA000E1A54 /* Images.xcassets */,
				1A230B451AEC4DBA000E1A54 /* LaunchScreen.xib */,
				1A230B3A1AEC4DBA000E1A54 /* Supporting Files */,
			);
			path = "Meme Me";
			sourceTree = "<group>";
		};
		1A230B3A1AEC4DBA000E1A54 /* Supporting Files */ = {
			isa = PBXGroup;
			children = (
				1A230B3B1AEC4DBA000E1A54 /* Info.plist */,
			);
			name = "Supporting Files";
			sourceTree = "<group>";
		};
		1A230B4F1AEC4DBA000E1A54 /* Meme MeTests */ = {
			isa = PBXGroup;
			children = (
				1A230B521AEC4DBA000E1A54 /* Meme_MeTests.swift */,
				1A230B501AEC4DBA000E1A54 /* Supporting Files */,
			);
			path = "Meme MeTests";
			sourceTree = "<group>";
		};
		1A230B501AEC4DBA000E1A54 /* Supporting Files */ = {
			isa = PBXGroup;
			children = (
				1A230B511AEC4DBA000E1A54 /* Info.plist */,
			);
			name = "Supporting Files";
			sourceTree = "<group>";
		};
		1A230B5C1AEC537F000E1A54 /* Text Field Delegates */ = {
			isa = PBXGroup;
			children = (
				1A230B631AEC5686000E1A54 /* BottomTextFieldDelegate.swift */,
				1A230B651AEC56FB000E1A54 /* TopTextFieldDelegate.swift */,
			);
			name = "Text Field Delegates";
			sourceTree = "<group>";
		};
/* End PBXGroup section */

/* Begin PBXNativeTarget section */
		1A230B361AEC4DBA000E1A54 /* Meme Me */ = {
			isa = PBXNativeTarget;
			buildConfigurationList = 1A230B561AEC4DBA000E1A54 /* Build configuration list for PBXNativeTarget "Meme Me" */;
			buildPhases = (
				1A230B331AEC4DBA000E1A54 /* Sources */,
				1A230B341AEC4DBA000E1A54 /* Frameworks */,
				1A230B351AEC4DBA000E1A54 /* Resources */,
			);
			buildRules = (
			);
			dependencies = (
			);
			name = "Meme Me";
			productName = "Meme Me";
			productReference = 1A230B371AEC4DBA000E1A54 /* Meme Me.app */;
			productType = "com.apple.product-type.application";
		};
		1A230B4B1AEC4DBA000E1A54 /* Meme MeTests */ = {
			isa = PBXNativeTarget;
			buildConfigurationList = 1A230B591AEC4DBA000E1A54 /* Build configuration list for PBXNativeTarget "Meme MeTests" */;
			buildPhases = (
				1A230B481AEC4DBA000E1A54 /* Sources */,
				1A230B491AEC4DBA000E1A54 /* Frameworks */,
				1A230B4A1AEC4DBA000E1A54 /* Resources */,
			);
			buildRules = (
			);
			dependencies = (
				1A230B4E1AEC4DBA000E1A54 /* PBXTargetDependency */,
			);
			name = "Meme MeTests";
			productName = "Meme MeTests";
			productReference = 1A230B4C1AEC4DBA000E1A54 /* Meme MeTests.xctest */;
			productType = "com.apple.product-type.bundle.unit-test";
		};
/* End PBXNativeTarget section */

/* Begin PBXProject section */
		1A230B2F1AEC4DBA000E1A54 /* Project object */ = {
			isa = PBXProject;
			attributes = {
				LastUpgradeCheck = 0630;
				ORGANIZATIONNAME = "Lauren Bongartz";
				TargetAttributes = {
					1A230B361AEC4DBA000E1A54 = {
						CreatedOnToolsVersion = 6.3;
					};
					1A230B4B1AEC4DBA000E1A54 = {
						CreatedOnToolsVersion = 6.3;
						TestTargetID = 1A230B361AEC4DBA000E1A54;
					};
				};
			};
			buildConfigurationList = 1A230B321AEC4DBA000E1A54 /* Build configuration list for PBXProject "Meme Me" */;
			compatibilityVersion = "Xcode 3.2";
			developmentRegion = English;
			hasScannedForEncodings = 0;
			knownRegions = (
				en,
				Base,
			);
			mainGroup = 1A230B2E1AEC4DB9000E1A54;
			productRefGroup = 1A230B381AEC4DBA000E1A54 /* Products */;
			projectDirPath = "";
			projectRoot = "";
			targets = (
				1A230B361AEC4DBA000E1A54 /* Meme Me */,
				1A230B4B1AEC4DBA000E1A54 /* Meme MeTests */,
			);
		};
/* End PBXProject section */

/* Begin PBXResourcesBuildPhase section */
		1A230B351AEC4DBA000E1A54 /* Resources */ = {
			isa = PBXResourcesBuildPhase;
			buildActionMask = 2147483647;
			files = (
				1A7F445D1AF29E8F001170C9 /* Main.storyboard in Resources */,
				1A230B471AEC4DBA000E1A54 /* LaunchScreen.xib in Resources */,
				1A230B441AEC4DBA000E1A54 /* Images.xcassets in Resources */,
			);
			runOnlyForDeploymentPostprocessing = 0;
		};
		1A230B4A1AEC4DBA000E1A54 /* Resources */ = {
			isa = PBXResourcesBuildPhase;
			buildActionMask = 2147483647;
			files = (
			);
			runOnlyForDeploymentPostprocessing = 0;
		};
/* End PBXResourcesBuildPhase section */

/* Begin PBXSourcesBuildPhase section */
		1A230B331AEC4DBA000E1A54 /* Sources */ = {
			isa = PBXSourcesBuildPhase;
			buildActionMask = 2147483647;
			files = (
				1A230B661AEC56FB000E1A54 /* TopTextFieldDelegate.swift in Sources */,
				1A230B641AEC5686000E1A54 /* BottomTextFieldDelegate.swift in Sources */,
				1A7F445A1AF29E22001170C9 /* ViewController.swift in Sources */,
				1A230B3D1AEC4DBA000E1A54 /* AppDelegate.swift in Sources */,
			);
			runOnlyForDeploymentPostprocessing = 0;
		};
		1A230B481AEC4DBA000E1A54 /* Sources */ = {
			isa = PBXSourcesBuildPhase;
			buildActionMask = 2147483647;
			files = (
				1A230B531AEC4DBA000E1A54 /* Meme_MeTests.swift in Sources */,
			);
			runOnlyForDeploymentPostprocessing = 0;
		};
/* End PBXSourcesBuildPhase section */

/* Begin PBXTargetDependency section */
		1A230B4E1AEC4DBA000E1A54 /* PBXTargetDependency */ = {
			isa = PBXTargetDependency;
			target = 1A230B361AEC4DBA000E1A54 /* Meme Me */;
			targetProxy = 1A230B4D1AEC4DBA000E1A54 /* PBXContainerItemProxy */;
		};
/* End PBXTargetDependency section */

/* Begin PBXVariantGroup section */
		1A230B451AEC4DBA000E1A54 /* LaunchScreen.xib */ = {
			isa = PBXVariantGroup;
			children = (
				1A230B461AEC4DBA000E1A54 /* Base */,
			);
			name = LaunchScreen.xib;
			sourceTree = "<group>";
		};
		1A7F445B1AF29E8F001170C9 /* Main.storyboard */ = {
			isa = PBXVariantGroup;
			children = (
				1A7F445C1AF29E8F001170C9 /* Base */,
			);
			name = Main.storyboard;
			path = ..;
			sourceTree = "<group>";
		};
/* End PBXVariantGroup section */

/* Begin XCBuildConfiguration section */
		1A230B541AEC4DBA000E1A54 /* Debug */ = {
			isa = XCBuildConfiguration;
			buildSettings = {
				ALWAYS_SEARCH_USER_PATHS = NO;
				CLANG_CXX_LANGUAGE_STANDARD = "gnu++0x";
				CLANG_CXX_LIBRARY = "libc++";
				CLANG_ENABLE_MODULES = YES;
				CLANG_ENABLE_OBJC_ARC = YES;
				CLANG_WARN_BOOL_CONVERSION = YES;
				CLANG_WARN_CONSTANT_CONVERSION = YES;
				CLANG_WARN_DIRECT_OBJC_ISA_USAGE = YES_ERROR;
				CLANG_WARN_EMPTY_BODY = YES;
				CLANG_WARN_ENUM_CONVERSION = YES;
				CLANG_WARN_INT_CONVERSION = YES;
				CLANG_WARN_OBJC_ROOT_CLASS = YES_ERROR;
				CLANG_WARN_UNREACHABLE_CODE = YES;
				CLANG_WARN__DUPLICATE_METHOD_MATCH = YES;
				"CODE_SIGN_IDENTITY[sdk=iphoneos*]" = "iPhone Developer";
				COPY_PHASE_STRIP = NO;
				DEBUG_INFORMATION_FORMAT = "dwarf-with-dsym";
				ENABLE_STRICT_OBJC_MSGSEND = YES;
				GCC_C_LANGUAGE_STANDARD = gnu99;
				GCC_DYNAMIC_NO_PIC = NO;
				GCC_NO_COMMON_BLOCKS = YES;
				GCC_OPTIMIZATION_LEVEL = 0;
				GCC_PREPROCESSOR_DEFINITIONS = (
					"DEBUG=1",
					"$(inherited)",
				);
				GCC_SYMBOLS_PRIVATE_EXTERN = NO;
				GCC_WARN_64_TO_32_BIT_CONVERSION = YES;
				GCC_WARN_ABOUT_RETURN_TYPE = YES_ERROR;
				GCC_WARN_UNDECLARED_SELECTOR = YES;
				GCC_WARN_UNINITIALIZED_AUTOS = YES_AGGRESSIVE;
				GCC_WARN_UNUSED_FUNCTION = YES;
				GCC_WARN_UNUSED_VARIABLE = YES;
				IPHONEOS_DEPLOYMENT_TARGET = 8.3;
				MTL_ENABLE_DEBUG_INFO = YES;
				ONLY_ACTIVE_ARCH = YES;
				SDKROOT = iphoneos;
				SWIFT_OPTIMIZATION_LEVEL = "-Onone";
			};
			name = Debug;
		};
		1A230B551AEC4DBA000E1A54 /* Release */ = {
			isa = XCBuildConfiguration;
			buildSettings = {
				ALWAYS_SEARCH_USER_PATHS = NO;
				CLANG_CXX_LANGUAGE_STANDARD = "gnu++0x";
				CLANG_CXX_LIBRARY = "libc++";
				CLANG_ENABLE_MODULES = YES;
				CLANG_ENABLE_OBJC_ARC = YES;
				CLANG_WARN_BOOL_CONVERSION = YES;
				CLANG_WARN_CONSTANT_CONVERSION = YES;
				CLANG_WARN_DIRECT_OBJC_ISA_USAGE = YES_ERROR;
				CLANG_WARN_EMPTY_BODY = YES;
				CLANG_WARN_ENUM_CONVERSION = YES;
				CLANG_WARN_INT_CONVERSION = YES;
				CLANG_WARN_OBJC_ROOT_CLASS = YES_ERROR;
				CLANG_WARN_UNREACHABLE_CODE = YES;
				CLANG_WARN__DUPLICATE_METHOD_MATCH = YES;
				"CODE_SIGN_IDENTITY[sdk=iphoneos*]" = "iPhone Developer";
				COPY_PHASE_STRIP = NO;
				DEBUG_INFORMATION_FORMAT = "dwarf-with-dsym";
				ENABLE_NS_ASSERTIONS = NO;
				ENABLE_STRICT_OBJC_MSGSEND = YES;
				GCC_C_LANGUAGE_STANDARD = gnu99;
				GCC_NO_COMMON_BLOCKS = YES;
				GCC_WARN_64_TO_32_BIT_CONVERSION = YES;
				GCC_WARN_ABOUT_RETURN_TYPE = YES_ERROR;
				GCC_WARN_UNDECLARED_SELECTOR = YES;
				GCC_WARN_UNINITIALIZED_AUTOS = YES_AGGRESSIVE;
				GCC_WARN_UNUSED_FUNCTION = YES;
				GCC_WARN_UNUSED_VARIABLE = YES;
				IPHONEOS_DEPLOYMENT_TARGET = 8.3;
				MTL_ENABLE_DEBUG_INFO = NO;
				SDKROOT = iphoneos;
				VALIDATE_PRODUCT = YES;
			};
			name = Release;
		};
		1A230B571AEC4DBA000E1A54 /* Debug */ = {
			isa = XCBuildConfiguration;
			buildSettings = {
				ASSETCATALOG_COMPILER_APPICON_NAME = AppIcon;
				INFOPLIST_FILE = "Meme Me/Info.plist";
				LD_RUNPATH_SEARCH_PATHS = "$(inherited) @executable_path/Frameworks";
				PRODUCT_NAME = "$(TARGET_NAME)";
			};
			name = Debug;
		};
		1A230B581AEC4DBA000E1A54 /* Release */ = {
			isa = XCBuildConfiguration;
			buildSettings = {
				ASSETCATALOG_COMPILER_APPICON_NAME = AppIcon;
				INFOPLIST_FILE = "Meme Me/Info.plist";
				LD_RUNPATH_SEARCH_PATHS = "$(inherited) @executable_path/Frameworks";
				PRODUCT_NAME = "$(TARGET_NAME)";
			};
			name = Release;
		};
		1A230B5A1AEC4DBA000E1A54 /* Debug */ = {
			isa = XCBuildConfiguration;
			buildSettings = {
				BUNDLE_LOADER = "$(TEST_HOST)";
				FRAMEWORK_SEARCH_PATHS = (
					"$(SDKROOT)/Developer/Library/Frameworks",
					"$(inherited)",
				);
				GCC_PREPROCESSOR_DEFINITIONS = (
					"DEBUG=1",
					"$(inherited)",
				);
				INFOPLIST_FILE = "Meme MeTests/Info.plist";
				LD_RUNPATH_SEARCH_PATHS = "$(inherited) @executable_path/Frameworks @loader_path/Frameworks";
				PRODUCT_NAME = "$(TARGET_NAME)";
				TEST_HOST = "$(BUILT_PRODUCTS_DIR)/Meme Me.app/Meme Me";
			};
			name = Debug;
		};
		1A230B5B1AEC4DBA000E1A54 /* Release */ = {
			isa = XCBuildConfiguration;
			buildSettings = {
				BUNDLE_LOADER = "$(TEST_HOST)";
				FRAMEWORK_SEARCH_PATHS = (
					"$(SDKROOT)/Developer/Library/Frameworks",
					"$(inherited)",
				);
				INFOPLIST_FILE = "Meme MeTests/Info.plist";
				LD_RUNPATH_SEARCH_PATHS = "$(inherited) @executable_path/Frameworks @loader_path/Frameworks";
				PRODUCT_NAME = "$(TARGET_NAME)";
				TEST_HOST = "$(BUILT_PRODUCTS_DIR)/Meme Me.app/Meme Me";
			};
			name = Release;
		};
/* End XCBuildConfiguration section */

/* Begin XCConfigurationList section */
		1A230B321AEC4DBA000E1A54 /* Build configuration list for PBXProject "Meme Me" */ = {
			isa = XCConfigurationList;
			buildConfigurations = (
				1A230B541AEC4DBA000E1A54 /* Debug */,
				1A230B551AEC4DBA000E1A54 /* Release */,
			);
			defaultConfigurationIsVisible = 0;
			defaultConfigurationName = Release;
		};
		1A230B561AEC4DBA000E1A54 /* Build configuration list for PBXNativeTarget "Meme Me" */ = {
			isa = XCConfigurationList;
			buildConfigurations = (
				1A230B571AEC4DBA000E1A54 /* Debug */,
				1A230B581AEC4DBA000E1A54 /* Release */,
			);
			defaultConfigurationIsVisible = 0;
			defaultConfigurationName = Release;
		};
		1A230B591AEC4DBA000E1A54 /* Build configuration list for PBXNativeTarget "Meme MeTests" */ = {
			isa = XCConfigurationList;
			buildConfigurations = (
				1A230B5A1AEC4DBA000E1A54 /* Debug */,
				1A230B5B1AEC4DBA000E1A54 /* Release */,
			);
			defaultConfigurationIsVisible = 0;
			defaultConfigurationName = Release;
		};
/* End XCConfigurationList section */
	};
	rootObject = 1A230B2F1AEC4DBA000E1A54 /* Project object */;
}
